<?xml version="1.0" encoding="utf-8"?>
<Project ToolsVersion="4.0" xmlns="http://schemas.microsoft.com/developer/msbuild/2003">
  <ItemGroup>
    <Filter Include="DDraw">
      <UniqueIdentifier>{b9b0f8eb-24d3-477e-ab50-812be7b00a62}</UniqueIdentifier>
    </Filter>
    <Filter Include="Game">
      <UniqueIdentifier>{9543120d-bc36-4600-aadc-18b2b70faab6}</UniqueIdentifier>
    </Filter>
    <Filter Include="Util">
      <UniqueIdentifier>{81720afc-38df-405c-b423-f81c42327b82}</UniqueIdentifier>
    </Filter>
    <Filter Include="Main">
      <UniqueIdentifier>{5ed8786c-2e0a-48ec-b7ee-a0fd103d417a}</UniqueIdentifier>
    </Filter>
    <Filter Include="Main\Resource">
      <UniqueIdentifier>{a7f3e483-7a07-43aa-befd-4da54a151d34}</UniqueIdentifier>
    </Filter>
  </ItemGroup>
  <ItemGroup>
    <ClCompile Include="DDraw\DDraw.cpp">
      <Filter>DDraw</Filter>
    </ClCompile>
    <ClCompile Include="Game\Board.cpp">
      <Filter>Game</Filter>
    </ClCompile>
    <ClCompile Include="Game\BoardAnalyzer.cpp">
      <Filter>Game</Filter>
    </ClCompile>
    <ClCompile Include="Game\Button.cpp">
      <Filter>Game</Filter>
    </ClCompile>
    <ClCompile Include="Game\eDirection.cpp">
      <Filter>Game</Filter>
    </ClCompile>
    <ClCompile Include="Game\eSpotInfo.cpp">
      <Filter>Game</Filter>
    </ClCompile>
    <ClCompile Include="Game\Game.cpp">
      <Filter>Game</Filter>
    </ClCompile>
    <ClCompile Include="Game\Menu.cpp">
      <Filter>Game</Filter>
    </ClCompile>
    <ClCompile Include="Util\Event.cpp">
      <Filter>Util</Filter>
    </ClCompile>
    <ClCompile Include="Main\Main.cpp">
      <Filter>Main</Filter>
    </ClCompile>
  </ItemGroup>
  <ItemGroup>
    <ClInclude Include="DDraw\DDraw.h">
      <Filter>DDraw</Filter>
    </ClInclude>
    <ClInclude Include="Game\Board.h">
      <Filter>Game</Filter>
    </ClInclude>
    <ClInclude Include="Game\BoardAnalyzer.h">
      <Filter>Game</Filter>
    </ClInclude>
    <ClInclude Include="Game\Button.h">
      <Filter>Game</Filter>
    </ClInclude>
    <ClInclude Include="Game\eButtonType.h">
      <Filter>Game</Filter>
    </ClInclude>
    <ClInclude Include="Game\eColor.h">
      <Filter>Game</Filter>
    </ClInclude>
    <ClInclude Include="Game\eDirection.h">
      <Filter>Game</Filter>
    </ClInclude>
    <ClInclude Include="Game\eSpotInfo.h">
      <Filter>Game</Filter>
    </ClInclude>
    <ClInclude Include="Game\Game.h">
      <Filter>Game</Filter>
    </ClInclude>
    <ClInclude Include="Game\Menu.h">
      <Filter>Game</Filter>
    </ClInclude>
    <ClInclude Include="Game\Move.h">
      <Filter>Game</Filter>
    </ClInclude>
    <ClInclude Include="Game\Vector2.h">
      <Filter>Game</Filter>
    </ClInclude>
    <ClInclude Include="Util\Event.h">
      <Filter>Util</Filter>
    </ClInclude>
    <ClInclude Include="Util\SafeDelete.h">
      <Filter>Util</Filter>
    </ClInclude>
    <ClInclude Include="Main\framework.h">
      <Filter>Main</Filter>
    </ClInclude>
    <ClInclude Include="Main\Main.h">
      <Filter>Main</Filter>
    </ClInclude>
    <ClInclude Include="Main\Resource.h">
      <Filter>Main</Filter>
    </ClInclude>
    <ClInclude Include="Main\targetver.h">
      <Filter>Main</Filter>
    </ClInclude>
  </ItemGroup>
  <ItemGroup>
    <Image Include="Main\Resource\Omok.ico">
      <Filter>Main\Resource</Filter>
    </Image>
    <Image Include="Main\Resource\small.ico">
      <Filter>Main\Resource</Filter>
    </Image>
  </ItemGroup>
  <ItemGroup>
    <ResourceCompile Include="Main\Resource\Omok.rc">
      <Filter>Main\Resource</Filter>
    </ResourceCompile>
  </ItemGroup>
</Project>